
Microsoft Visual Studio Solution File, Format Version 12.00
# Visual Studio Version 17
VisualStudioVersion = 17.8.34330.188
MinimumVisualStudioVersion = 10.0.40219.1
Project("{FAE04EC0-301F-11D3-BF4B-00C04F79EFBC}") = "TicketsApp", "TicketsApp.csproj", "{D2D2AF52-BB15-4AB6-981F-043D95ECB9E8}"
EndProject
Global
	GlobalSection(SolutionConfigurationPlatforms) = preSolution
		Debug|Any CPU = Debug|Any CPU
		Release|Any CPU = Release|Any CPU
	EndGlobalSection
	GlobalSection(ProjectConfigurationPlatforms) = postSolution
		{D2D2AF52-BB15-4AB6-981F-043D95ECB9E8}.Debug|Any CPU.ActiveCfg = Debug|Any CPU
		{D2D2AF52-BB15-4AB6-981F-043D95ECB9E8}.Debug|Any CPU.Build.0 = Debug|Any CPU
		{D2D2AF52-BB15-4AB6-981F-043D95ECB9E8}.Release|Any CPU.ActiveCfg = Release|Any CPU
		{D2D2AF52-BB15-4AB6-981F-043D95ECB9E8}.Release|Any CPU.Build.0 = Release|Any CPU
	EndGlobalSection
	GlobalSection(SolutionProperties) = preSolution
		HideSolutionNode = FALSE
	EndGlobalSection
	GlobalSection(ExtensibilityGlobals) = postSolution
		SolutionGuid = {E91E99B6-6BEB-4FE7-A918-1E7D0E6E17C8}
	EndGlobalSection
EndGlobal
